
Microsoft Visual Studio Solution File, Format Version 12.00
# Visual Studio Version 17
VisualStudioVersion = 17.0.31903.59
MinimumVisualStudioVersion = 10.0.40219.1
Project("{FAE04EC0-301F-11D3-BF4B-00C04F79EFBC}") = "Quiz.Play", "Quiz.Play\Quiz.Play.csproj", "{820079FA-EEF2-4320-97AC-F6F4F3E16FF3}"
EndProject
Project("{FAE04EC0-301F-11D3-BF4B-00C04F79EFBC}") = "Quiz.Test", "Quiz.Test\Quiz.Test.csproj", "{D405BC36-F197-44E0-96C5-7DEAB00F0E86}"
EndProject
Global
	GlobalSection(SolutionConfigurationPlatforms) = preSolution
		Debug|Any CPU = Debug|Any CPU
		Release|Any CPU = Release|Any CPU
	EndGlobalSection
	GlobalSection(SolutionProperties) = preSolution
		HideSolutionNode = FALSE
	EndGlobalSection
	GlobalSection(ProjectConfigurationPlatforms) = postSolution
		{820079FA-EEF2-4320-97AC-F6F4F3E16FF3}.Debug|Any CPU.ActiveCfg = Debug|Any CPU
		{820079FA-EEF2-4320-97AC-F6F4F3E16FF3}.Debug|Any CPU.Build.0 = Debug|Any CPU
		{820079FA-EEF2-4320-97AC-F6F4F3E16FF3}.Release|Any CPU.ActiveCfg = Release|Any CPU
		{820079FA-EEF2-4320-97AC-F6F4F3E16FF3}.Release|Any CPU.Build.0 = Release|Any CPU
		{D405BC36-F197-44E0-96C5-7DEAB00F0E86}.Debug|Any CPU.ActiveCfg = Debug|Any CPU
		{D405BC36-F197-44E0-96C5-7DEAB00F0E86}.Debug|Any CPU.Build.0 = Debug|Any CPU
		{D405BC36-F197-44E0-96C5-7DEAB00F0E86}.Release|Any CPU.ActiveCfg = Release|Any CPU
		{D405BC36-F197-44E0-96C5-7DEAB00F0E86}.Release|Any CPU.Build.0 = Release|Any CPU
	EndGlobalSection
EndGlobal
